
Microsoft Visual Studio Solution File, Format Version 12.00
# Visual Studio Version 16
VisualStudioVersion = 16.0.30517.126
MinimumVisualStudioVersion = 10.0.40219.1
Project("{FAE04EC0-301F-11D3-BF4B-00C04F79EFBC}") = "appBase", "appBase\appBase.csproj", "{40034B4D-D44B-43D5-94A2-8853806F58BC}"
EndProject
Global
	GlobalSection(SolutionConfigurationPlatforms) = preSolution
		Debug|Any CPU = Debug|Any CPU
		Release|Any CPU = Release|Any CPU
	EndGlobalSection
	GlobalSection(ProjectConfigurationPlatforms) = postSolution
		{40034B4D-D44B-43D5-94A2-8853806F58BC}.Debug|Any CPU.ActiveCfg = Debug|Any CPU
		{40034B4D-D44B-43D5-94A2-8853806F58BC}.Debug|Any CPU.Build.0 = Debug|Any CPU
		{40034B4D-D44B-43D5-94A2-8853806F58BC}.Release|Any CPU.ActiveCfg = Release|Any CPU
		{40034B4D-D44B-43D5-94A2-8853806F58BC}.Release|Any CPU.Build.0 = Release|Any CPU
	EndGlobalSection
	GlobalSection(SolutionProperties) = preSolution
		HideSolutionNode = FALSE
	EndGlobalSection
	GlobalSection(ExtensibilityGlobals) = postSolution
		SolutionGuid = {F8837219-B3DB-4719-B4FD-238A161B345D}
	EndGlobalSection
EndGlobal
